
Microsoft Visual Studio Solution File, Format Version 12.00
# Visual Studio Version 17
VisualStudioVersion = 17.14.37216.2 d17.14
MinimumVisualStudioVersion = 10.0.40219.1
Project("{FAE04EC0-301F-11D3-BF4B-00C04F79EFBC}") = "EnglishTypingGame", "EnglishTypingGame\EnglishTypingGame.csproj", "{1D04FA18-A560-4BD8-A6F8-8CE02507EC7F}"
EndProject
Global
	GlobalSection(SolutionConfigurationPlatforms) = preSolution
		Debug|Any CPU = Debug|Any CPU
		Release|Any CPU = Release|Any CPU
	EndGlobalSection
	GlobalSection(ProjectConfigurationPlatforms) = postSolution
		{1D04FA18-A560-4BD8-A6F8-8CE02507EC7F}.Debug|Any CPU.ActiveCfg = Debug|Any CPU
		{1D04FA18-A560-4BD8-A6F8-8CE02507EC7F}.Debug|Any CPU.Build.0 = Debug|Any CPU
		{1D04FA18-A560-4BD8-A6F8-8CE02507EC7F}.Release|Any CPU.ActiveCfg = Release|Any CPU
		{1D04FA18-A560-4BD8-A6F8-8CE02507EC7F}.Release|Any CPU.Build.0 = Release|Any CPU
	EndGlobalSection
	GlobalSection(SolutionProperties) = preSolution
		HideSolutionNode = FALSE
	EndGlobalSection
	GlobalSection(ExtensibilityGlobals) = postSolution
		SolutionGuid = {A206994E-7FD6-4657-A9B9-AC1E39BA8898}
	EndGlobalSection
EndGlobal
